{
    "name": "new_motoko",
    "lockfileVersion": 3,
    "requires": true,
    "packages": {
        "": {
            "name": "new_motoko",
            "workspaces": [
                "src/new_motoko_frontend"
            ],
            "engines": {
                "node": ">=16.0.0",
                "npm": ">=7.0.0"
            }
        }
    }
}
